{
  "name": "@astrouxds/angular",
  "version": "7.0.0-beta.2",
  "lockfileVersion": 2,
  "requires": true,
  "packages": {
    "": {
      "name": "@astrouxds/angular",
      "version": "7.0.0-beta.2",
      "license": "MIT",
      "dependencies": {
        "@astrouxds/astro-web-components": "^7.0.0-beta.0",
        "tslib": "^2.3.0"
      },
      "peerDependencies": {
        "@angular/common": ">=12.0.0",
        "@angular/core": ">=12.0.0"
      }
    },
    "node_modules/@angular/common": {
      "version": "13.3.11",
      "resolved": "https://registry.npmjs.org/@angular/common/-/common-13.3.11.tgz",
      "integrity": "sha512-gPMwDYIAag1izXm2tRQ6EOIx9FVEUqLdr+qYtRVoQtoBmfkoTSLGcpeBXqqlPVxVPbA6Li1WZZT5wxLLlLAN+Q==",
      "peer": true,
      "dependencies": {
        "tslib": "^2.3.0"
      },
      "engines": {
        "node": "^12.20.0 || ^14.15.0 || >=16.10.0"
      },
      "peerDependencies": {
        "@angular/core": "13.3.11",
        "rxjs": "^6.5.3 || ^7.4.0"
      }
    },
    "node_modules/@angular/core": {
      "version": "13.3.11",
      "resolved": "https://registry.npmjs.org/@angular/core/-/core-13.3.11.tgz",
      "integrity": "sha512-9BmE2CxyV0g+AkBeuc8IwjSOiJ8Y+kptXnqD/J8EAFT3B0/fLGVnjFdZC6Sev9L0SNZb6qdzebpfIOLqbUjReQ==",
      "peer": true,
      "dependencies": {
        "tslib": "^2.3.0"
      },
      "engines": {
        "node": "^12.20.0 || ^14.15.0 || >=16.10.0"
      },
      "peerDependencies": {
        "rxjs": "^6.5.3 || ^7.4.0",
        "zone.js": "~0.11.4"
      }
    },
    "node_modules/@astrouxds/astro-web-components": {
      "version": "7.0.0-beta.2",
      "resolved": "https://registry.npmjs.org/@astrouxds/astro-web-components/-/astro-web-components-7.0.0-beta.2.tgz",
      "integrity": "sha512-8+f1BjhJTwT2bWQTf953xQQ//xIjF5auLUDmWYcj+ZQFSUoNDCK2QtSff2JgHj6jWYM1tTlbU9oxEJAg7cHpAg==",
      "dependencies": {
        "@floating-ui/dom": "~0.4.4",
        "@stencil/core": "~2.10.0",
        "date-fns": "~2.21.1",
        "date-fns-tz": "~1.3.3"
      }
    },
    "node_modules/@floating-ui/core": {
      "version": "0.6.2",
      "resolved": "https://registry.npmjs.org/@floating-ui/core/-/core-0.6.2.tgz",
      "integrity": "sha512-jktYRmZwmau63adUG3GKOAVCofBXkk55S/zQ94XOorAHhwqFIOFAy1rSp2N0Wp6/tGbe9V3u/ExlGZypyY17rg=="
    },
    "node_modules/@floating-ui/dom": {
      "version": "0.4.5",
      "resolved": "https://registry.npmjs.org/@floating-ui/dom/-/dom-0.4.5.tgz",
      "integrity": "sha512-b+prvQgJt8pieaKYMSJBXHxX/DYwdLsAWxKYqnO5dO2V4oo/TYBZJAUQCVNjTWWsrs6o4VDrNcP9+E70HAhJdw==",
      "dependencies": {
        "@floating-ui/core": "^0.6.2"
      }
    },
    "node_modules/@stencil/core": {
      "version": "2.10.0",
      "resolved": "https://registry.npmjs.org/@stencil/core/-/core-2.10.0.tgz",
      "integrity": "sha512-15rWMTPQ/sp0lSV82HVCXkIya3QLN+uBl7pqK4JnTrp4HiLrzLmNbWjbvgCs55gw0lULbCIGbRIEsFz+Pe/Q+A==",
      "bin": {
        "stencil": "bin/stencil"
      },
      "engines": {
        "node": ">=12.10.0",
        "npm": ">=6.0.0"
      }
    },
    "node_modules/date-fns": {
      "version": "2.21.3",
      "resolved": "https://registry.npmjs.org/date-fns/-/date-fns-2.21.3.tgz",
      "integrity": "sha512-HeYdzCaFflc1i4tGbj7JKMjM4cKGYoyxwcIIkHzNgCkX8xXDNJDZXgDDVchIWpN4eQc3lH37WarduXFZJOtxfw==",
      "engines": {
        "node": ">=0.11"
      },
      "funding": {
        "type": "opencollective",
        "url": "https://opencollective.com/date-fns"
      }
    },
    "node_modules/date-fns-tz": {
      "version": "1.3.5",
      "resolved": "https://registry.npmjs.org/date-fns-tz/-/date-fns-tz-1.3.5.tgz",
      "integrity": "sha512-SNhl/fWe7i2HoIB9ejLZhEEJ6ZtRRpOBbzizFrq11K2/iceS9Nk7fPN2VTYVOMgFB9u0f3eidSC4n1xaRONW2A==",
      "peerDependencies": {
        "date-fns": ">=2.0.0"
      }
    },
    "node_modules/rxjs": {
      "version": "7.5.5",
      "resolved": "https://registry.npmjs.org/rxjs/-/rxjs-7.5.5.tgz",
      "integrity": "sha512-sy+H0pQofO95VDmFLzyaw9xNJU4KTRSwQIGM6+iG3SypAtCiLDzpeG8sJrNCWn2Up9km+KhkvTdbkrdy+yzZdw==",
      "peer": true,
      "dependencies": {
        "tslib": "^2.1.0"
      }
    },
    "node_modules/tslib": {
      "version": "2.4.0",
      "resolved": "https://registry.npmjs.org/tslib/-/tslib-2.4.0.tgz",
      "integrity": "sha512-d6xOpEDfsi2CZVlPQzGeux8XMwLT9hssAsaPYExaQMuYskwb+x1x7J371tWlbBdWHroy99KnVB6qIkUbs5X3UQ=="
    },
    "node_modules/zone.js": {
      "version": "0.11.5",
      "resolved": "https://registry.npmjs.org/zone.js/-/zone.js-0.11.5.tgz",
      "integrity": "sha512-D1/7VxEuQ7xk6z/kAROe4SUbd9CzxY4zOwVGnGHerd/SgLIVU5f4esDzQUsOCeArn933BZfWMKydH7l7dPEp0g==",
      "peer": true,
      "dependencies": {
        "tslib": "^2.3.0"
      }
    }
  },
  "dependencies": {
    "@angular/common": {
      "version": "13.3.11",
      "resolved": "https://registry.npmjs.org/@angular/common/-/common-13.3.11.tgz",
      "integrity": "sha512-gPMwDYIAag1izXm2tRQ6EOIx9FVEUqLdr+qYtRVoQtoBmfkoTSLGcpeBXqqlPVxVPbA6Li1WZZT5wxLLlLAN+Q==",
      "peer": true,
      "requires": {
        "tslib": "^2.3.0"
      }
    },
    "@angular/core": {
      "version": "13.3.11",
      "resolved": "https://registry.npmjs.org/@angular/core/-/core-13.3.11.tgz",
      "integrity": "sha512-9BmE2CxyV0g+AkBeuc8IwjSOiJ8Y+kptXnqD/J8EAFT3B0/fLGVnjFdZC6Sev9L0SNZb6qdzebpfIOLqbUjReQ==",
      "peer": true,
      "requires": {
        "tslib": "^2.3.0"
      }
    },
    "@astrouxds/astro-web-components": {
      "version": "7.0.0-beta.2",
      "resolved": "https://registry.npmjs.org/@astrouxds/astro-web-components/-/astro-web-components-7.0.0-beta.2.tgz",
      "integrity": "sha512-8+f1BjhJTwT2bWQTf953xQQ//xIjF5auLUDmWYcj+ZQFSUoNDCK2QtSff2JgHj6jWYM1tTlbU9oxEJAg7cHpAg==",
      "requires": {
        "@floating-ui/dom": "~0.4.4",
        "@stencil/core": "~2.10.0",
        "date-fns": "~2.21.1",
        "date-fns-tz": "~1.3.3"
      }
    },
    "@floating-ui/core": {
      "version": "0.6.2",
      "resolved": "https://registry.npmjs.org/@floating-ui/core/-/core-0.6.2.tgz",
      "integrity": "sha512-jktYRmZwmau63adUG3GKOAVCofBXkk55S/zQ94XOorAHhwqFIOFAy1rSp2N0Wp6/tGbe9V3u/ExlGZypyY17rg=="
    },
    "@floating-ui/dom": {
      "version": "0.4.5",
      "resolved": "https://registry.npmjs.org/@floating-ui/dom/-/dom-0.4.5.tgz",
      "integrity": "sha512-b+prvQgJt8pieaKYMSJBXHxX/DYwdLsAWxKYqnO5dO2V4oo/TYBZJAUQCVNjTWWsrs6o4VDrNcP9+E70HAhJdw==",
      "requires": {
        "@floating-ui/core": "^0.6.2"
      }
    },
    "@stencil/core": {
      "version": "2.10.0",
      "resolved": "https://registry.npmjs.org/@stencil/core/-/core-2.10.0.tgz",
      "integrity": "sha512-15rWMTPQ/sp0lSV82HVCXkIya3QLN+uBl7pqK4JnTrp4HiLrzLmNbWjbvgCs55gw0lULbCIGbRIEsFz+Pe/Q+A=="
    },
    "date-fns": {
      "version": "2.21.3",
      "resolved": "https://registry.npmjs.org/date-fns/-/date-fns-2.21.3.tgz",
      "integrity": "sha512-HeYdzCaFflc1i4tGbj7JKMjM4cKGYoyxwcIIkHzNgCkX8xXDNJDZXgDDVchIWpN4eQc3lH37WarduXFZJOtxfw=="
    },
    "date-fns-tz": {
      "version": "1.3.5",
      "resolved": "https://registry.npmjs.org/date-fns-tz/-/date-fns-tz-1.3.5.tgz",
      "integrity": "sha512-SNhl/fWe7i2HoIB9ejLZhEEJ6ZtRRpOBbzizFrq11K2/iceS9Nk7fPN2VTYVOMgFB9u0f3eidSC4n1xaRONW2A==",
      "requires": {}
    },
    "rxjs": {
      "version": "7.5.5",
      "resolved": "https://registry.npmjs.org/rxjs/-/rxjs-7.5.5.tgz",
      "integrity": "sha512-sy+H0pQofO95VDmFLzyaw9xNJU4KTRSwQIGM6+iG3SypAtCiLDzpeG8sJrNCWn2Up9km+KhkvTdbkrdy+yzZdw==",
      "peer": true,
      "requires": {
        "tslib": "^2.1.0"
      }
    },
    "tslib": {
      "version": "2.4.0",
      "resolved": "https://registry.npmjs.org/tslib/-/tslib-2.4.0.tgz",
      "integrity": "sha512-d6xOpEDfsi2CZVlPQzGeux8XMwLT9hssAsaPYExaQMuYskwb+x1x7J371tWlbBdWHroy99KnVB6qIkUbs5X3UQ=="
    },
    "zone.js": {
      "version": "0.11.5",
      "resolved": "https://registry.npmjs.org/zone.js/-/zone.js-0.11.5.tgz",
      "integrity": "sha512-D1/7VxEuQ7xk6z/kAROe4SUbd9CzxY4zOwVGnGHerd/SgLIVU5f4esDzQUsOCeArn933BZfWMKydH7l7dPEp0g==",
      "peer": true,
      "requires": {
        "tslib": "^2.3.0"
      }
    }
  }
}
