{
  "name": "@astrouxds/angular",
  "version": "7.3.0",
  "lockfileVersion": 2,
  "requires": true,
  "packages": {
    "": {
      "name": "@astrouxds/angular",
      "version": "7.3.0",
      "license": "MIT",
      "dependencies": {
        "@astrouxds/astro-web-components": "^7.3.0",
        "tslib": "^2.4.1"
      },
      "peerDependencies": {
        "@angular/common": ">=12.0.0",
        "@angular/core": ">=12.0.0"
      }
    },
    "node_modules/@angular/common": {
      "version": "15.0.0",
      "resolved": "https://registry.npmjs.org/@angular/common/-/common-15.0.0.tgz",
      "integrity": "sha512-8NVZE4tSDFQ8YzCFb1BiDDfVdVDZWoP4Z35K0PcjpGromTFs3qKk/Ho0JCdmFTU+yfXLMZe/OsYZoE2mMKGChQ==",
      "peer": true,
      "dependencies": {
        "tslib": "^2.3.0"
      },
      "engines": {
        "node": "^14.20.0 || ^16.13.0 || >=18.10.0"
      },
      "peerDependencies": {
        "@angular/core": "15.0.0",
        "rxjs": "^6.5.3 || ^7.4.0"
      }
    },
    "node_modules/@angular/core": {
      "version": "15.0.0",
      "resolved": "https://registry.npmjs.org/@angular/core/-/core-15.0.0.tgz",
      "integrity": "sha512-Hek8L/1XrU1LPN4qmKJiNdYz96ju/yPWvrFjqvrDHjWEenIfxjJohjRwL+ZzICZiEwfnR6y3QGvv4OBY96oTGw==",
      "peer": true,
      "dependencies": {
        "tslib": "^2.3.0"
      },
      "engines": {
        "node": "^14.20.0 || ^16.13.0 || >=18.10.0"
      },
      "peerDependencies": {
        "rxjs": "^6.5.3 || ^7.4.0",
        "zone.js": "~0.11.4 || ~0.12.0"
      }
    },
    "node_modules/@astrouxds/astro-web-components": {
      "version": "7.3.0",
      "resolved": "https://registry.npmjs.org/@astrouxds/astro-web-components/-/astro-web-components-7.3.0.tgz",
      "integrity": "sha512-D5ISu4oWsnu6HS9jFTNX+MOLsbsD3FEXZK6o+Xd6Elu6n3q8vqyRmZnpJC68tn4R1yiimBgBOYQ9U/st+wy83A==",
      "dependencies": {
        "@floating-ui/dom": "~1.0.1",
        "@stencil/core": "~2.18.0",
        "date-fns": "~2.21.1",
        "date-fns-tz": "~1.3.3"
      }
    },
    "node_modules/@floating-ui/core": {
      "version": "1.0.2",
      "resolved": "https://registry.npmjs.org/@floating-ui/core/-/core-1.0.2.tgz",
      "integrity": "sha512-Skfy0YS3NJ5nV9us0uuPN0HDk1Q4edljaOhRBJGDWs9EBa7ZVMYBHRFlhLvvmwEoaIM9BlH6QJFn9/uZg0bACg=="
    },
    "node_modules/@floating-ui/dom": {
      "version": "1.0.6",
      "resolved": "https://registry.npmjs.org/@floating-ui/dom/-/dom-1.0.6.tgz",
      "integrity": "sha512-kt/tg1oip9OAH1xjCTcx1OpcUpu9rjDw3GKJ/rEhUqhO7QyJWfrHU0DpLTNsH67+JyFL5Kv9X1utsXwKFVtyEQ==",
      "dependencies": {
        "@floating-ui/core": "^1.0.2"
      }
    },
    "node_modules/@stencil/core": {
      "version": "2.18.1",
      "resolved": "https://registry.npmjs.org/@stencil/core/-/core-2.18.1.tgz",
      "integrity": "sha512-/fXkh1lwZ+X9JQCw50mPjhBogzEHOBvVC5pLoDLZqodVYK0DGWILM2YLV4dcIUBNEK8/HMDpO/Rq81/rS3mNOw==",
      "bin": {
        "stencil": "bin/stencil"
      },
      "engines": {
        "node": ">=12.10.0",
        "npm": ">=6.0.0"
      }
    },
    "node_modules/date-fns": {
      "version": "2.21.3",
      "resolved": "https://registry.npmjs.org/date-fns/-/date-fns-2.21.3.tgz",
      "integrity": "sha512-HeYdzCaFflc1i4tGbj7JKMjM4cKGYoyxwcIIkHzNgCkX8xXDNJDZXgDDVchIWpN4eQc3lH37WarduXFZJOtxfw==",
      "engines": {
        "node": ">=0.11"
      },
      "funding": {
        "type": "opencollective",
        "url": "https://opencollective.com/date-fns"
      }
    },
    "node_modules/date-fns-tz": {
      "version": "1.3.7",
      "resolved": "https://registry.npmjs.org/date-fns-tz/-/date-fns-tz-1.3.7.tgz",
      "integrity": "sha512-1t1b8zyJo+UI8aR+g3iqr5fkUHWpd58VBx8J/ZSQ+w7YrGlw80Ag4sA86qkfCXRBLmMc4I2US+aPMd4uKvwj5g==",
      "peerDependencies": {
        "date-fns": ">=2.0.0"
      }
    },
    "node_modules/rxjs": {
      "version": "7.5.7",
      "resolved": "https://registry.npmjs.org/rxjs/-/rxjs-7.5.7.tgz",
      "integrity": "sha512-z9MzKh/UcOqB3i20H6rtrlaE/CgjLOvheWK/9ILrbhROGTweAi1BaFsTT9FbwZi5Trr1qNRs+MXkhmR06awzQA==",
      "peer": true,
      "dependencies": {
        "tslib": "^2.1.0"
      }
    },
    "node_modules/tslib": {
      "version": "2.4.1",
      "resolved": "https://registry.npmjs.org/tslib/-/tslib-2.4.1.tgz",
      "integrity": "sha512-tGyy4dAjRIEwI7BzsB0lynWgOpfqjUdq91XXAlIWD2OwKBH7oCl/GZG/HT4BOHrTlPMOASlMQ7veyTqpmRcrNA=="
    },
    "node_modules/zone.js": {
      "version": "0.12.0",
      "resolved": "https://registry.npmjs.org/zone.js/-/zone.js-0.12.0.tgz",
      "integrity": "sha512-XtC+I5dXU14HrzidAKBNMqneIVUykLEAA1x+v4KVrd6AUPWlwYORF8KgsVqvgdHiKZ4BkxxjvYi/ksEixTPR0Q==",
      "peer": true,
      "dependencies": {
        "tslib": "^2.3.0"
      }
    }
  },
  "dependencies": {
    "@angular/common": {
      "version": "15.0.0",
      "resolved": "https://registry.npmjs.org/@angular/common/-/common-15.0.0.tgz",
      "integrity": "sha512-8NVZE4tSDFQ8YzCFb1BiDDfVdVDZWoP4Z35K0PcjpGromTFs3qKk/Ho0JCdmFTU+yfXLMZe/OsYZoE2mMKGChQ==",
      "peer": true,
      "requires": {
        "tslib": "^2.3.0"
      }
    },
    "@angular/core": {
      "version": "15.0.0",
      "resolved": "https://registry.npmjs.org/@angular/core/-/core-15.0.0.tgz",
      "integrity": "sha512-Hek8L/1XrU1LPN4qmKJiNdYz96ju/yPWvrFjqvrDHjWEenIfxjJohjRwL+ZzICZiEwfnR6y3QGvv4OBY96oTGw==",
      "peer": true,
      "requires": {
        "tslib": "^2.3.0"
      }
    },
    "@astrouxds/astro-web-components": {
      "version": "7.3.0",
      "resolved": "https://registry.npmjs.org/@astrouxds/astro-web-components/-/astro-web-components-7.3.0.tgz",
      "integrity": "sha512-D5ISu4oWsnu6HS9jFTNX+MOLsbsD3FEXZK6o+Xd6Elu6n3q8vqyRmZnpJC68tn4R1yiimBgBOYQ9U/st+wy83A==",
      "requires": {
        "@floating-ui/dom": "~1.0.1",
        "@stencil/core": "~2.18.0",
        "date-fns": "~2.21.1",
        "date-fns-tz": "~1.3.3"
      }
    },
    "@floating-ui/core": {
      "version": "1.0.2",
      "resolved": "https://registry.npmjs.org/@floating-ui/core/-/core-1.0.2.tgz",
      "integrity": "sha512-Skfy0YS3NJ5nV9us0uuPN0HDk1Q4edljaOhRBJGDWs9EBa7ZVMYBHRFlhLvvmwEoaIM9BlH6QJFn9/uZg0bACg=="
    },
    "@floating-ui/dom": {
      "version": "1.0.6",
      "resolved": "https://registry.npmjs.org/@floating-ui/dom/-/dom-1.0.6.tgz",
      "integrity": "sha512-kt/tg1oip9OAH1xjCTcx1OpcUpu9rjDw3GKJ/rEhUqhO7QyJWfrHU0DpLTNsH67+JyFL5Kv9X1utsXwKFVtyEQ==",
      "requires": {
        "@floating-ui/core": "^1.0.2"
      }
    },
    "@stencil/core": {
      "version": "2.18.1",
      "resolved": "https://registry.npmjs.org/@stencil/core/-/core-2.18.1.tgz",
      "integrity": "sha512-/fXkh1lwZ+X9JQCw50mPjhBogzEHOBvVC5pLoDLZqodVYK0DGWILM2YLV4dcIUBNEK8/HMDpO/Rq81/rS3mNOw=="
    },
    "date-fns": {
      "version": "2.21.3",
      "resolved": "https://registry.npmjs.org/date-fns/-/date-fns-2.21.3.tgz",
      "integrity": "sha512-HeYdzCaFflc1i4tGbj7JKMjM4cKGYoyxwcIIkHzNgCkX8xXDNJDZXgDDVchIWpN4eQc3lH37WarduXFZJOtxfw=="
    },
    "date-fns-tz": {
      "version": "1.3.7",
      "resolved": "https://registry.npmjs.org/date-fns-tz/-/date-fns-tz-1.3.7.tgz",
      "integrity": "sha512-1t1b8zyJo+UI8aR+g3iqr5fkUHWpd58VBx8J/ZSQ+w7YrGlw80Ag4sA86qkfCXRBLmMc4I2US+aPMd4uKvwj5g==",
      "requires": {}
    },
    "rxjs": {
      "version": "7.5.7",
      "resolved": "https://registry.npmjs.org/rxjs/-/rxjs-7.5.7.tgz",
      "integrity": "sha512-z9MzKh/UcOqB3i20H6rtrlaE/CgjLOvheWK/9ILrbhROGTweAi1BaFsTT9FbwZi5Trr1qNRs+MXkhmR06awzQA==",
      "peer": true,
      "requires": {
        "tslib": "^2.1.0"
      }
    },
    "tslib": {
      "version": "2.4.1",
      "resolved": "https://registry.npmjs.org/tslib/-/tslib-2.4.1.tgz",
      "integrity": "sha512-tGyy4dAjRIEwI7BzsB0lynWgOpfqjUdq91XXAlIWD2OwKBH7oCl/GZG/HT4BOHrTlPMOASlMQ7veyTqpmRcrNA=="
    },
    "zone.js": {
      "version": "0.12.0",
      "resolved": "https://registry.npmjs.org/zone.js/-/zone.js-0.12.0.tgz",
      "integrity": "sha512-XtC+I5dXU14HrzidAKBNMqneIVUykLEAA1x+v4KVrd6AUPWlwYORF8KgsVqvgdHiKZ4BkxxjvYi/ksEixTPR0Q==",
      "peer": true,
      "requires": {
        "tslib": "^2.3.0"
      }
    }
  }
}
